PODS:
  - didicloud (0.1.10):
    - EVReflection/CloudKit (~> 5.10)
  - EVReflection/CloudKit (5.10.1):
    - EVReflection/Core
  - EVReflection/Core (5.10.1)

DEPENDENCIES:
  - didicloud (from `../`)

SPEC REPOS:
  trunk:
    - EVReflection

EXTERNAL SOURCES:
  didicloud:
    :path: "../"

SPEC CHECKSUMS:
  didicloud: f5c8b94966b3d83f1eecebbb6ef60fad499ab3f3
  EVReflection: 8124de482178d34ccd56473e16cd95990f9a1113

PODFILE CHECKSUM: 30cdb5ee355a1a1107fbcaf7c3386ed542c06f94

COCOAPODS: 1.9.3
